// !$*UTF8*$!
{
	archiveVersion = 1;
	classes = {
	};
	objectVersion = 46;
	objects = {

/* Begin PBXBuildFile section */
		3E4CF08D1E40B15200D589A0 /* libstdc++.tbd in Frameworks */ = {isa = PBXBuildFile; fileRef = 3E4CF08C1E40B15200D589A0 /* libstdc++.tbd */; };
		3E4CF0A91E40E81800D589A0 /* Photos.framework in Frameworks */ = {isa = PBXBuildFile; fileRef = 3E4CF0A81E40E81800D589A0 /* Photos.framework */; };
		3E4CF0AB1E40E90300D589A0 /* MediaPlayer.framework in Frameworks */ = {isa = PBXBuildFile; fileRef = 3E4CF0AA1E40E90300D589A0 /* MediaPlayer.framework */; };
		3EA48FA71E38998C00492966 /* main.m in Sources */ = {isa = PBXBuildFile; fileRef = 3EA48FA61E38998C00492966 /* main.m */; };
		3EA48FAA1E38998C00492966 /* AppDelegate.m in Sources */ = {isa = PBXBuildFile; fileRef = 3EA48FA91E38998C00492966 /* AppDelegate.m */; };
		3EA48FB01E38998C00492966 /* Main.storyboard in Resources */ = {isa = PBXBuildFile; fileRef = 3EA48FAE1E38998C00492966 /* Main.storyboard */; };
		3EA48FB51E38998C00492966 /* LaunchScreen.storyboard in Resources */ = {isa = PBXBuildFile; fileRef = 3EA48FB31E38998C00492966 /* LaunchScreen.storyboard */; };
		3EA490011E389AA700492966 /* UiUtils.m in Sources */ = {isa = PBXBuildFile; fileRef = 3EA48FE21E389AA700492966 /* UiUtils.m */; };
		3EA490021E389AA700492966 /* SampleAppFileTransferHandler.m in Sources */ = {isa = PBXBuildFile; fileRef = 3EA48FE31E389AA700492966 /* SampleAppFileTransferHandler.m */; };
		3EA490041E389AA700492966 /* SampleAppWebApi.m in Sources */ = {isa = PBXBuildFile; fileRef = 3EA48FE71E389AA700492966 /* SampleAppWebApi.m */; };
		3EA490091E389AA700492966 /* Assets.xcassets in Resources */ = {isa = PBXBuildFile; fileRef = 3EA48FEC1E389AA700492966 /* Assets.xcassets */; };
		3EA4900A1E389AA700492966 /* UIManager.m in Sources */ = {isa = PBXBuildFile; fileRef = 3EA48FEE1E389AA700492966 /* UIManager.m */; };
		3EA490421E389F4200492966 /* GoogleMaps.framework in Frameworks */ = {isa = PBXBuildFile; fileRef = 3EA4903D1E389F4200492966 /* GoogleMaps.framework */; };
		3EA490431E389F4200492966 /* GoogleMapsBase.framework in Frameworks */ = {isa = PBXBuildFile; fileRef = 3EA4903E1E389F4200492966 /* GoogleMapsBase.framework */; };
		3EA490441E389F4200492966 /* GoogleMapsCore.framework in Frameworks */ = {isa = PBXBuildFile; fileRef = 3EA4903F1E389F4200492966 /* GoogleMapsCore.framework */; };
		3EA490451E389F4200492966 /* GooglePlacePicker.framework in Frameworks */ = {isa = PBXBuildFile; fileRef = 3EA490401E389F4200492966 /* GooglePlacePicker.framework */; };
		3EA490461E389F4200492966 /* GooglePlaces.framework in Frameworks */ = {isa = PBXBuildFile; fileRef = 3EA490411E389F4200492966 /* GooglePlaces.framework */; };
		3EA490541E38A00300492966 /* CoreTelephony.framework in Frameworks */ = {isa = PBXBuildFile; fileRef = 3EA490531E38A00300492966 /* CoreTelephony.framework */; };
		3EA490561E38A00C00492966 /* AVFoundation.framework in Frameworks */ = {isa = PBXBuildFile; fileRef = 3EA490551E38A00C00492966 /* AVFoundation.framework */; };
		3EA490581E38A01400492966 /* GLKit.framework in Frameworks */ = {isa = PBXBuildFile; fileRef = 3EA490571E38A01400492966 /* GLKit.framework */; };
		3EA4905A1E38A01D00492966 /* CoreData.framework in Frameworks */ = {isa = PBXBuildFile; fileRef = 3EA490591E38A01D00492966 /* CoreData.framework */; };
		3EA4905C1E38A02B00492966 /* libsqlite3.tbd in Frameworks */ = {isa = PBXBuildFile; fileRef = 3EA4905B1E38A02B00492966 /* libsqlite3.tbd */; };
		3EA4905E1E38A03B00492966 /* libz.1.1.3.tbd in Frameworks */ = {isa = PBXBuildFile; fileRef = 3EA4905D1E38A03B00492966 /* libz.1.1.3.tbd */; };
		3EA490601E38A04500492966 /* ImageIO.framework in Frameworks */ = {isa = PBXBuildFile; fileRef = 3EA4905F1E38A04500492966 /* ImageIO.framework */; };
		3EA490621E38A05200492966 /* CoreLocation.framework in Frameworks */ = {isa = PBXBuildFile; fileRef = 3EA490611E38A05200492966 /* CoreLocation.framework */; };
		3EA490641E38A06900492966 /* OpenGLES.framework in Frameworks */ = {isa = PBXBuildFile; fileRef = 3EA490631E38A06900492966 /* OpenGLES.framework */; };
		3EA490661E38A07B00492966 /* libc++.1.tbd in Frameworks */ = {isa = PBXBuildFile; fileRef = 3EA490651E38A07B00492966 /* libc++.1.tbd */; };
		3EA490681E38A08900492966 /* Accelerate.framework in Frameworks */ = {isa = PBXBuildFile; fileRef = 3EA490671E38A08900492966 /* Accelerate.framework */; };
		3EA4906A1E38A09200492966 /* MobileCoreServices.framework in Frameworks */ = {isa = PBXBuildFile; fileRef = 3EA490691E38A09200492966 /* MobileCoreServices.framework */; };
		3EA4906C1E38A09900492966 /* SystemConfiguration.framework in Frameworks */ = {isa = PBXBuildFile; fileRef = 3EA4906B1E38A09900492966 /* SystemConfiguration.framework */; };
		8806238624EC07FF00A470F1 /* WebRTC.framework in Frameworks */ = {isa = PBXBuildFile; fileRef = 8806238524EC07FF00A470F1 /* WebRTC.framework */; };
		8817FE7F1FF919C000ABB3F4 /* AudioToolbox.framework in Frameworks */ = {isa = PBXBuildFile; fileRef = 8817FE7E1FF919BF00ABB3F4 /* AudioToolbox.framework */; };
		8817FE811FF919CC00ABB3F4 /* VideoToolbox.framework in Frameworks */ = {isa = PBXBuildFile; fileRef = 8817FE801FF919CC00ABB3F4 /* VideoToolbox.framework */; };
		8817FE831FF91A5F00ABB3F4 /* CallKit.framework in Frameworks */ = {isa = PBXBuildFile; fileRef = 8817FE821FF91A5F00ABB3F4 /* CallKit.framework */; };
		8817FE901FF92A7E00ABB3F4 /* mesiboui.framework in Frameworks */ = {isa = PBXBuildFile; fileRef = 8817FE8F1FF92A7E00ABB3F4 /* mesiboui.framework */; };
		88292D9A1E88D1B90008A4F7 /* NSDictionary+NilObject.m in Sources */ = {isa = PBXBuildFile; fileRef = 88292D951E88D1B90008A4F7 /* NSDictionary+NilObject.m */; };
		88292D9B1E88D1B90008A4F7 /* SampleAppListeners.m in Sources */ = {isa = PBXBuildFile; fileRef = 88292D971E88D1B90008A4F7 /* SampleAppListeners.m */; };
		88292DAA1E891A3C0008A4F7 /* GooglePlacePicker.bundle in Resources */ = {isa = PBXBuildFile; fileRef = 88292DA91E891A3C0008A4F7 /* GooglePlacePicker.bundle */; };
		887B4C161E4604DF000C4556 /* MesiboUIResource.bundle in Resources */ = {isa = PBXBuildFile; fileRef = 887B4C151E4604DF000C4556 /* MesiboUIResource.bundle */; };
		887B4C201E46071B000C4556 /* AVKit.framework in Frameworks */ = {isa = PBXBuildFile; fileRef = 887B4C1F1E46071B000C4556 /* AVKit.framework */; };
		887B4C221E460AFF000C4556 /* MapKit.framework in Frameworks */ = {isa = PBXBuildFile; fileRef = 887B4C211E460AFF000C4556 /* MapKit.framework */; };
		889963561E93BB7600FE21EB /* appicon.png in Resources */ = {isa = PBXBuildFile; fileRef = 889963551E93BB7600FE21EB /* appicon.png */; };
		889963711E93CC6100FE21EB /* ImagePickerBundle.bundle in Resources */ = {isa = PBXBuildFile; fileRef = 889963701E93CC6100FE21EB /* ImagePickerBundle.bundle */; };
		88A8CFCB2042D2FE008F712E /* MainViewController.m in Sources */ = {isa = PBXBuildFile; fileRef = 88A8CFCA2042D2FE008F712E /* MainViewController.m */; };
		88A8CFFC20452127008F712E /* mesibo.framework in Frameworks */ = {isa = PBXBuildFile; fileRef = 88A8CFFB20452127008F712E /* mesibo.framework */; };
		88A8D0022045A177008F712E /* mediapicker.framework in Frameworks */ = {isa = PBXBuildFile; fileRef = 88A8D0012045A177008F712E /* mediapicker.framework */; };
		88A8D00620468648008F712E /* MesiboCallBundle.bundle in Resources */ = {isa = PBXBuildFile; fileRef = 88A8D00520468648008F712E /* MesiboCallBundle.bundle */; };
		88A8D008204686CF008F712E /* mesibocall.framework in Frameworks */ = {isa = PBXBuildFile; fileRef = 88A8D007204686CF008F712E /* mesibocall.framework */; };
		88AD36751E433E0600A0241E /* GoogleMaps.bundle in Resources */ = {isa = PBXBuildFile; fileRef = 88AD36741E433E0600A0241E /* GoogleMaps.bundle */; };
		88AD36791E433ECE00A0241E /* GooglePlaces.bundle in Resources */ = {isa = PBXBuildFile; fileRef = 88AD36781E433ECE00A0241E /* GooglePlaces.bundle */; };
/* End PBXBuildFile section */

/* Begin PBXFileReference section */
		3E4CF08C1E40B15200D589A0 /* libstdc++.tbd */ = {isa = PBXFileReference; lastKnownFileType = "sourcecode.text-based-dylib-definition"; name = "libstdc++.tbd"; path = "usr/lib/libstdc++.tbd"; sourceTree = SDKROOT; };
		3E4CF0A81E40E81800D589A0 /* Photos.framework */ = {isa = PBXFileReference; lastKnownFileType = wrapper.framework; name = Photos.framework; path = System/Library/Frameworks/Photos.framework; sourceTree = SDKROOT; };
		3E4CF0AA1E40E90300D589A0 /* MediaPlayer.framework */ = {isa = PBXFileReference; lastKnownFileType = wrapper.framework; name = MediaPlayer.framework; path = System/Library/Frameworks/MediaPlayer.framework; sourceTree = SDKROOT; };
		3EA48FA21E38998C00492966 /* MesiboSample.app */ = {isa = PBXFileReference; explicitFileType = wrapper.application; includeInIndex = 0; path = MesiboSample.app; sourceTree = BUILT_PRODUCTS_DIR; };
		3EA48FA61E38998C00492966 /* main.m */ = {isa = PBXFileReference; lastKnownFileType = sourcecode.c.objc; path = main.m; sourceTree = "<group>"; };
		3EA48FA81E38998C00492966 /* AppDelegate.h */ = {isa = PBXFileReference; lastKnownFileType = sourcecode.c.h; path = AppDelegate.h; sourceTree = "<group>"; };
		3EA48FA91E38998C00492966 /* AppDelegate.m */ = {isa = PBXFileReference; lastKnownFileType = sourcecode.c.objc; path = AppDelegate.m; sourceTree = "<group>"; };
		3EA48FAF1E38998C00492966 /* Base */ = {isa = PBXFileReference; lastKnownFileType = file.storyboard; name = Base; path = Base.lproj/Main.storyboard; sourceTree = "<group>"; };
		3EA48FB41E38998C00492966 /* Base */ = {isa = PBXFileReference; lastKnownFileType = file.storyboard; name = Base; path = Base.lproj/LaunchScreen.storyboard; sourceTree = "<group>"; };
		3EA48FB61E38998C00492966 /* Info.plist */ = {isa = PBXFileReference; lastKnownFileType = text.plist.xml; path = Info.plist; sourceTree = "<group>"; };
		3EA48FE11E389AA700492966 /* UiUtils.h */ = {isa = PBXFileReference; fileEncoding = 4; lastKnownFileType = sourcecode.c.h; path = UiUtils.h; sourceTree = "<group>"; };
		3EA48FE21E389AA700492966 /* UiUtils.m */ = {isa = PBXFileReference; fileEncoding = 4; lastKnownFileType = sourcecode.c.objc; path = UiUtils.m; sourceTree = "<group>"; };
		3EA48FE31E389AA700492966 /* SampleAppFileTransferHandler.m */ = {isa = PBXFileReference; fileEncoding = 4; lastKnownFileType = sourcecode.c.objc; path = SampleAppFileTransferHandler.m; sourceTree = "<group>"; };
		3EA48FE61E389AA700492966 /* SampleAppWebApi.h */ = {isa = PBXFileReference; fileEncoding = 4; lastKnownFileType = sourcecode.c.h; path = SampleAppWebApi.h; sourceTree = "<group>"; };
		3EA48FE71E389AA700492966 /* SampleAppWebApi.m */ = {isa = PBXFileReference; fileEncoding = 4; lastKnownFileType = sourcecode.c.objc; path = SampleAppWebApi.m; sourceTree = "<group>"; };
		3EA48FEC1E389AA700492966 /* Assets.xcassets */ = {isa = PBXFileReference; lastKnownFileType = folder.assetcatalog; path = Assets.xcassets; sourceTree = "<group>"; };
		3EA48FEE1E389AA700492966 /* UIManager.m */ = {isa = PBXFileReference; fileEncoding = 4; lastKnownFileType = sourcecode.c.objc; path = UIManager.m; sourceTree = "<group>"; };
		3EA48FEF1E389AA700492966 /* UIManager.h */ = {isa = PBXFileReference; fileEncoding = 4; lastKnownFileType = sourcecode.c.h; path = UIManager.h; sourceTree = "<group>"; };
		3EA48FF41E389AA700492966 /* includes.h */ = {isa = PBXFileReference; fileEncoding = 4; lastKnownFileType = sourcecode.c.h; path = includes.h; sourceTree = "<group>"; };
		3EA48FF61E389AA700492966 /* SampleAppFileTransferHandler.h */ = {isa = PBXFileReference; fileEncoding = 4; lastKnownFileType = sourcecode.c.h; path = SampleAppFileTransferHandler.h; sourceTree = "<group>"; };
		3EA4903D1E389F4200492966 /* GoogleMaps.framework */ = {isa = PBXFileReference; lastKnownFileType = wrapper.framework; name = GoogleMaps.framework; path = Frameworks/Google/GoogleMaps.framework; sourceTree = "<group>"; };
		3EA4903E1E389F4200492966 /* GoogleMapsBase.framework */ = {isa = PBXFileReference; lastKnownFileType = wrapper.framework; name = GoogleMapsBase.framework; path = Frameworks/Google/GoogleMapsBase.framework; sourceTree = "<group>"; };
		3EA4903F1E389F4200492966 /* GoogleMapsCore.framework */ = {isa = PBXFileReference; lastKnownFileType = wrapper.framework; name = GoogleMapsCore.framework; path = Frameworks/Google/GoogleMapsCore.framework; sourceTree = "<group>"; };
		3EA490401E389F4200492966 /* GooglePlacePicker.framework */ = {isa = PBXFileReference; lastKnownFileType = wrapper.framework; name = GooglePlacePicker.framework; path = Frameworks/Google/GooglePlacePicker.framework; sourceTree = "<group>"; };
		3EA490411E389F4200492966 /* GooglePlaces.framework */ = {isa = PBXFileReference; lastKnownFileType = wrapper.framework; name = GooglePlaces.framework; path = Frameworks/Google/GooglePlaces.framework; sourceTree = "<group>"; };
		3EA490531E38A00300492966 /* CoreTelephony.framework */ = {isa = PBXFileReference; lastKnownFileType = wrapper.framework; name = CoreTelephony.framework; path = System/Library/Frameworks/CoreTelephony.framework; sourceTree = SDKROOT; };
		3EA490551E38A00C00492966 /* AVFoundation.framework */ = {isa = PBXFileReference; lastKnownFileType = wrapper.framework; name = AVFoundation.framework; path = System/Library/Frameworks/AVFoundation.framework; sourceTree = SDKROOT; };
		3EA490571E38A01400492966 /* GLKit.framework */ = {isa = PBXFileReference; lastKnownFileType = wrapper.framework; name = GLKit.framework; path = System/Library/Frameworks/GLKit.framework; sourceTree = SDKROOT; };
		3EA490591E38A01D00492966 /* CoreData.framework */ = {isa = PBXFileReference; lastKnownFileType = wrapper.framework; name = CoreData.framework; path = System/Library/Frameworks/CoreData.framework; sourceTree = SDKROOT; };
		3EA4905B1E38A02B00492966 /* libsqlite3.tbd */ = {isa = PBXFileReference; lastKnownFileType = "sourcecode.text-based-dylib-definition"; name = libsqlite3.tbd; path = usr/lib/libsqlite3.tbd; sourceTree = SDKROOT; };
		3EA4905D1E38A03B00492966 /* libz.1.1.3.tbd */ = {isa = PBXFileReference; lastKnownFileType = "sourcecode.text-based-dylib-definition"; name = libz.1.1.3.tbd; path = usr/lib/libz.1.1.3.tbd; sourceTree = SDKROOT; };
		3EA4905F1E38A04500492966 /* ImageIO.framework */ = {isa = PBXFileReference; lastKnownFileType = wrapper.framework; name = ImageIO.framework; path = System/Library/Frameworks/ImageIO.framework; sourceTree = SDKROOT; };
		3EA490611E38A05200492966 /* CoreLocation.framework */ = {isa = PBXFileReference; lastKnownFileType = wrapper.framework; name = CoreLocation.framework; path = System/Library/Frameworks/CoreLocation.framework; sourceTree = SDKROOT; };
		3EA490631E38A06900492966 /* OpenGLES.framework */ = {isa = PBXFileReference; lastKnownFileType = wrapper.framework; name = OpenGLES.framework; path = System/Library/Frameworks/OpenGLES.framework; sourceTree = SDKROOT; };
		3EA490651E38A07B00492966 /* libc++.1.tbd */ = {isa = PBXFileReference; lastKnownFileType = "sourcecode.text-based-dylib-definition"; name = "libc++.1.tbd"; path = "usr/lib/libc++.1.tbd"; sourceTree = SDKROOT; };
		3EA490671E38A08900492966 /* Accelerate.framework */ = {isa = PBXFileReference; lastKnownFileType = wrapper.framework; name = Accelerate.framework; path = System/Library/Frameworks/Accelerate.framework; sourceTree = SDKROOT; };
		3EA490691E38A09200492966 /* MobileCoreServices.framework */ = {isa = PBXFileReference; lastKnownFileType = wrapper.framework; name = MobileCoreServices.framework; path = System/Library/Frameworks/MobileCoreServices.framework; sourceTree = SDKROOT; };
		3EA4906B1E38A09900492966 /* SystemConfiguration.framework */ = {isa = PBXFileReference; lastKnownFileType = wrapper.framework; name = SystemConfiguration.framework; path = System/Library/Frameworks/SystemConfiguration.framework; sourceTree = SDKROOT; };
		8806238524EC07FF00A470F1 /* WebRTC.framework */ = {isa = PBXFileReference; lastKnownFileType = wrapper.framework; path = WebRTC.framework; sourceTree = "<group>"; };
		881727101EAF56A100AB9B3C /* MesiboSample.entitlements */ = {isa = PBXFileReference; lastKnownFileType = text.plist.entitlements; path = MesiboSample.entitlements; sourceTree = "<group>"; };
		8817FE7E1FF919BF00ABB3F4 /* AudioToolbox.framework */ = {isa = PBXFileReference; lastKnownFileType = wrapper.framework; name = AudioToolbox.framework; path = System/Library/Frameworks/AudioToolbox.framework; sourceTree = SDKROOT; };
		8817FE801FF919CC00ABB3F4 /* VideoToolbox.framework */ = {isa = PBXFileReference; lastKnownFileType = wrapper.framework; name = VideoToolbox.framework; path = System/Library/Frameworks/VideoToolbox.framework; sourceTree = SDKROOT; };
		8817FE821FF91A5F00ABB3F4 /* CallKit.framework */ = {isa = PBXFileReference; lastKnownFileType = wrapper.framework; name = CallKit.framework; path = System/Library/Frameworks/CallKit.framework; sourceTree = SDKROOT; };
		8817FE8F1FF92A7E00ABB3F4 /* mesiboui.framework */ = {isa = PBXFileReference; lastKnownFileType = wrapper.framework; path = mesiboui.framework; sourceTree = "<group>"; };
		8817FE911FF92CFC00ABB3F4 /* PushKit.framework */ = {isa = PBXFileReference; lastKnownFileType = wrapper.framework; name = PushKit.framework; path = System/Library/Frameworks/PushKit.framework; sourceTree = SDKROOT; };
		88292D941E88D1B90008A4F7 /* NSDictionary+NilObject.h */ = {isa = PBXFileReference; fileEncoding = 4; lastKnownFileType = sourcecode.c.h; path = "NSDictionary+NilObject.h"; sourceTree = "<group>"; };
		88292D951E88D1B90008A4F7 /* NSDictionary+NilObject.m */ = {isa = PBXFileReference; fileEncoding = 4; lastKnownFileType = sourcecode.c.objc; path = "NSDictionary+NilObject.m"; sourceTree = "<group>"; };
		88292D961E88D1B90008A4F7 /* SampleAppListeners.h */ = {isa = PBXFileReference; fileEncoding = 4; lastKnownFileType = sourcecode.c.h; path = SampleAppListeners.h; sourceTree = "<group>"; };
		88292D971E88D1B90008A4F7 /* SampleAppListeners.m */ = {isa = PBXFileReference; fileEncoding = 4; lastKnownFileType = sourcecode.c.objc; path = SampleAppListeners.m; sourceTree = "<group>"; };
		88292DA91E891A3C0008A4F7 /* GooglePlacePicker.bundle */ = {isa = PBXFileReference; lastKnownFileType = "wrapper.plug-in"; name = GooglePlacePicker.bundle; path = Frameworks/Google/GooglePlacePicker.framework/Versions/A/Resources/GooglePlacePicker.bundle; sourceTree = "<group>"; };
		887B4C151E4604DF000C4556 /* MesiboUIResource.bundle */ = {isa = PBXFileReference; lastKnownFileType = "wrapper.plug-in"; name = MesiboUIResource.bundle; path = mesiboui.framework/Versions/A/Resources/MesiboUIResource.bundle; sourceTree = "<group>"; };
		887B4C1F1E46071B000C4556 /* AVKit.framework */ = {isa = PBXFileReference; lastKnownFileType = wrapper.framework; name = AVKit.framework; path = System/Library/Frameworks/AVKit.framework; sourceTree = SDKROOT; };
		887B4C211E460AFF000C4556 /* MapKit.framework */ = {isa = PBXFileReference; lastKnownFileType = wrapper.framework; name = MapKit.framework; path = System/Library/Frameworks/MapKit.framework; sourceTree = SDKROOT; };
		889963551E93BB7600FE21EB /* appicon.png */ = {isa = PBXFileReference; lastKnownFileType = image.png; path = appicon.png; sourceTree = "<group>"; };
		889963701E93CC6100FE21EB /* ImagePickerBundle.bundle */ = {isa = PBXFileReference; lastKnownFileType = "wrapper.plug-in"; name = ImagePickerBundle.bundle; path = mediapicker.framework/Versions/A/Resources/ImagePickerBundle.bundle; sourceTree = "<group>"; };
		88A8CFC92042D2FE008F712E /* MainViewController.h */ = {isa = PBXFileReference; lastKnownFileType = sourcecode.c.h; path = MainViewController.h; sourceTree = "<group>"; };
		88A8CFCA2042D2FE008F712E /* MainViewController.m */ = {isa = PBXFileReference; lastKnownFileType = sourcecode.c.objc; path = MainViewController.m; sourceTree = "<group>"; };
		88A8CFEF2043E014008F712E /* SampleAppConfiguration.h */ = {isa = PBXFileReference; lastKnownFileType = sourcecode.c.h; path = SampleAppConfiguration.h; sourceTree = "<group>"; };
		88A8CFFB20452127008F712E /* mesibo.framework */ = {isa = PBXFileReference; lastKnownFileType = wrapper.framework; path = mesibo.framework; sourceTree = "<group>"; };
		88A8D0012045A177008F712E /* mediapicker.framework */ = {isa = PBXFileReference; lastKnownFileType = wrapper.framework; path = mediapicker.framework; sourceTree = "<group>"; };
		88A8D00520468648008F712E /* MesiboCallBundle.bundle */ = {isa = PBXFileReference; lastKnownFileType = "wrapper.plug-in"; name = MesiboCallBundle.bundle; path = mesibocall.framework/Versions/A/Resources/MesiboCallBundle.bundle; sourceTree = "<group>"; };
		88A8D007204686CF008F712E /* mesibocall.framework */ = {isa = PBXFileReference; lastKnownFileType = wrapper.framework; path = mesibocall.framework; sourceTree = "<group>"; };
		88AD36741E433E0600A0241E /* GoogleMaps.bundle */ = {isa = PBXFileReference; lastKnownFileType = "wrapper.plug-in"; name = GoogleMaps.bundle; path = Frameworks/Google/GoogleMaps.framework/Versions/A/Resources/GoogleMaps.bundle; sourceTree = "<group>"; };
		88AD36781E433ECE00A0241E /* GooglePlaces.bundle */ = {isa = PBXFileReference; lastKnownFileType = "wrapper.plug-in"; name = GooglePlaces.bundle; path = Frameworks/Google/GooglePlaces.framework/Versions/A/Resources/GooglePlaces.bundle; sourceTree = "<group>"; };
/* End PBXFileReference section */

/* Begin PBXFrameworksBuildPhase section */
		3EA48F9F1E38998C00492966 /* Frameworks */ = {
			isa = PBXFrameworksBuildPhase;
			buildActionMask = 2147483647;
			files = (
				8817FE831FF91A5F00ABB3F4 /* CallKit.framework in Frameworks */,
				3EA490581E38A01400492966 /* GLKit.framework in Frameworks */,
				8817FE811FF919CC00ABB3F4 /* VideoToolbox.framework in Frameworks */,
				8817FE7F1FF919C000ABB3F4 /* AudioToolbox.framework in Frameworks */,
				887B4C221E460AFF000C4556 /* MapKit.framework in Frameworks */,
				887B4C201E46071B000C4556 /* AVKit.framework in Frameworks */,
				3E4CF0AB1E40E90300D589A0 /* MediaPlayer.framework in Frameworks */,
				8806238624EC07FF00A470F1 /* WebRTC.framework in Frameworks */,
				3E4CF0A91E40E81800D589A0 /* Photos.framework in Frameworks */,
				3E4CF08D1E40B15200D589A0 /* libstdc++.tbd in Frameworks */,
				3EA4906C1E38A09900492966 /* SystemConfiguration.framework in Frameworks */,
				3EA4906A1E38A09200492966 /* MobileCoreServices.framework in Frameworks */,
				3EA490681E38A08900492966 /* Accelerate.framework in Frameworks */,
				3EA490661E38A07B00492966 /* libc++.1.tbd in Frameworks */,
				3EA490641E38A06900492966 /* OpenGLES.framework in Frameworks */,
				3EA490601E38A04500492966 /* ImageIO.framework in Frameworks */,
				3EA490621E38A05200492966 /* CoreLocation.framework in Frameworks */,
				3EA4905E1E38A03B00492966 /* libz.1.1.3.tbd in Frameworks */,
				3EA4905C1E38A02B00492966 /* libsqlite3.tbd in Frameworks */,
				3EA4905A1E38A01D00492966 /* CoreData.framework in Frameworks */,
				8817FE901FF92A7E00ABB3F4 /* mesiboui.framework in Frameworks */,
				3EA490561E38A00C00492966 /* AVFoundation.framework in Frameworks */,
				88A8D008204686CF008F712E /* mesibocall.framework in Frameworks */,
				88A8CFFC20452127008F712E /* mesibo.framework in Frameworks */,
				3EA490541E38A00300492966 /* CoreTelephony.framework in Frameworks */,
				3EA490441E389F4200492966 /* GoogleMapsCore.framework in Frameworks */,
				3EA490431E389F4200492966 /* GoogleMapsBase.framework in Frameworks */,
				3EA490421E389F4200492966 /* GoogleMaps.framework in Frameworks */,
				3EA490461E389F4200492966 /* GooglePlaces.framework in Frameworks */,
				88A8D0022045A177008F712E /* mediapicker.framework in Frameworks */,
				3EA490451E389F4200492966 /* GooglePlacePicker.framework in Frameworks */,
			);
			runOnlyForDeploymentPostprocessing = 0;
		};
/* End PBXFrameworksBuildPhase section */

/* Begin PBXGroup section */
		3EA48F991E38998C00492966 = {
			isa = PBXGroup;
			children = (
				3EA490231E389C5F00492966 /* Frameworks */,
				3EA48FA41E38998C00492966 /* MesiboSample */,
				3EA48FA31E38998C00492966 /* Products */,
			);
			sourceTree = "<group>";
		};
		3EA48FA31E38998C00492966 /* Products */ = {
			isa = PBXGroup;
			children = (
				3EA48FA21E38998C00492966 /* MesiboSample.app */,
			);
			name = Products;
			sourceTree = "<group>";
		};
		3EA48FA41E38998C00492966 /* MesiboSample */ = {
			isa = PBXGroup;
			children = (
				881727101EAF56A100AB9B3C /* MesiboSample.entitlements */,
				3EA48FDE1E389A8B00492966 /* Storyboards */,
				3EA48FDD1E389A7E00492966 /* Sources */,
				3EA48FDC1E389A6600492966 /* Utils */,
				3EA48FDA1E389A4900492966 /* Images */,
				3EA48FA51E38998C00492966 /* Supporting Files */,
			);
			path = MesiboSample;
			sourceTree = "<group>";
		};
		3EA48FA51E38998C00492966 /* Supporting Files */ = {
			isa = PBXGroup;
			children = (
				3EA48FEC1E389AA700492966 /* Assets.xcassets */,
				3EA48FB61E38998C00492966 /* Info.plist */,
				3EA48FA61E38998C00492966 /* main.m */,
			);
			name = "Supporting Files";
			sourceTree = "<group>";
		};
		3EA48FDA1E389A4900492966 /* Images */ = {
			isa = PBXGroup;
			children = (
				889963551E93BB7600FE21EB /* appicon.png */,
			);
			name = Images;
			sourceTree = "<group>";
		};
		3EA48FDC1E389A6600492966 /* Utils */ = {
			isa = PBXGroup;
			children = (
				3EA48FE11E389AA700492966 /* UiUtils.h */,
				3EA48FE21E389AA700492966 /* UiUtils.m */,
				3EA48FEE1E389AA700492966 /* UIManager.m */,
				3EA48FEF1E389AA700492966 /* UIManager.h */,
			);
			name = Utils;
			sourceTree = "<group>";
		};
		3EA48FDD1E389A7E00492966 /* Sources */ = {
			isa = PBXGroup;
			children = (
				3EA48FF41E389AA700492966 /* includes.h */,
				88292D941E88D1B90008A4F7 /* NSDictionary+NilObject.h */,
				88292D951E88D1B90008A4F7 /* NSDictionary+NilObject.m */,
				3EA48FE61E389AA700492966 /* SampleAppWebApi.h */,
				3EA48FE71E389AA700492966 /* SampleAppWebApi.m */,
				3EA48FF61E389AA700492966 /* SampleAppFileTransferHandler.h */,
				3EA48FE31E389AA700492966 /* SampleAppFileTransferHandler.m */,
				88292D961E88D1B90008A4F7 /* SampleAppListeners.h */,
				88292D971E88D1B90008A4F7 /* SampleAppListeners.m */,
				88A8CFC92042D2FE008F712E /* MainViewController.h */,
				88A8CFCA2042D2FE008F712E /* MainViewController.m */,
				88A8CFEF2043E014008F712E /* SampleAppConfiguration.h */,
			);
			name = Sources;
			sourceTree = "<group>";
		};
		3EA48FDE1E389A8B00492966 /* Storyboards */ = {
			isa = PBXGroup;
			children = (
				3EA490221E389C3D00492966 /* AppDelegate */,
				3EA48FB31E38998C00492966 /* LaunchScreen.storyboard */,
				3EA48FAE1E38998C00492966 /* Main.storyboard */,
			);
			name = Storyboards;
			sourceTree = "<group>";
		};
		3EA490221E389C3D00492966 /* AppDelegate */ = {
			isa = PBXGroup;
			children = (
				3EA48FA81E38998C00492966 /* AppDelegate.h */,
				3EA48FA91E38998C00492966 /* AppDelegate.m */,
			);
			name = AppDelegate;
			sourceTree = "<group>";
		};
		3EA490231E389C5F00492966 /* Frameworks */ = {
			isa = PBXGroup;
			children = (
				8817FE911FF92CFC00ABB3F4 /* PushKit.framework */,
				8817FE821FF91A5F00ABB3F4 /* CallKit.framework */,
				8817FE801FF919CC00ABB3F4 /* VideoToolbox.framework */,
				8817FE7E1FF919BF00ABB3F4 /* AudioToolbox.framework */,
				887B4C211E460AFF000C4556 /* MapKit.framework */,
				887B4C1F1E46071B000C4556 /* AVKit.framework */,
				3E4CF0AA1E40E90300D589A0 /* MediaPlayer.framework */,
				3E4CF0A81E40E81800D589A0 /* Photos.framework */,
				3E4CF08C1E40B15200D589A0 /* libstdc++.tbd */,
				3EA4906D1E38A0F700492966 /* Others */,
				3EA4903B1E389F2600492966 /* Google */,
				3EA490271E389CC400492966 /* MesiboCore */,
				3EA490261E389CB600492966 /* MesiboUI */,
				3EA490251E389CA900492966 /* MediaPicker */,
			);
			name = Frameworks;
			sourceTree = "<group>";
		};
		3EA490251E389CA900492966 /* MediaPicker */ = {
			isa = PBXGroup;
			children = (
				88A8D0012045A177008F712E /* mediapicker.framework */,
				889963701E93CC6100FE21EB /* ImagePickerBundle.bundle */,
			);
			name = MediaPicker;
			sourceTree = "<group>";
		};
		3EA490261E389CB600492966 /* MesiboUI */ = {
			isa = PBXGroup;
			children = (
				8817FE8F1FF92A7E00ABB3F4 /* mesiboui.framework */,
				887B4C151E4604DF000C4556 /* MesiboUIResource.bundle */,
			);
			name = MesiboUI;
			sourceTree = "<group>";
		};
		3EA490271E389CC400492966 /* MesiboCore */ = {
			isa = PBXGroup;
			children = (
				8806238524EC07FF00A470F1 /* WebRTC.framework */,
				88A8D007204686CF008F712E /* mesibocall.framework */,
				88A8CFFB20452127008F712E /* mesibo.framework */,
				88A8D00520468648008F712E /* MesiboCallBundle.bundle */,
			);
			name = MesiboCore;
			sourceTree = "<group>";
		};
		3EA4903B1E389F2600492966 /* Google */ = {
			isa = PBXGroup;
			children = (
				88292DA91E891A3C0008A4F7 /* GooglePlacePicker.bundle */,
				88AD36781E433ECE00A0241E /* GooglePlaces.bundle */,
				88AD36741E433E0600A0241E /* GoogleMaps.bundle */,
				3EA4903D1E389F4200492966 /* GoogleMaps.framework */,
				3EA4903E1E389F4200492966 /* GoogleMapsBase.framework */,
				3EA4903F1E389F4200492966 /* GoogleMapsCore.framework */,
				3EA490401E389F4200492966 /* GooglePlacePicker.framework */,
				3EA490411E389F4200492966 /* GooglePlaces.framework */,
			);
			name = Google;
			sourceTree = "<group>";
		};
		3EA4906D1E38A0F700492966 /* Others */ = {
			isa = PBXGroup;
			children = (
				3EA4906B1E38A09900492966 /* SystemConfiguration.framework */,
				3EA490691E38A09200492966 /* MobileCoreServices.framework */,
				3EA490671E38A08900492966 /* Accelerate.framework */,
				3EA490651E38A07B00492966 /* libc++.1.tbd */,
				3EA490631E38A06900492966 /* OpenGLES.framework */,
				3EA490611E38A05200492966 /* CoreLocation.framework */,
				3EA4905F1E38A04500492966 /* ImageIO.framework */,
				3EA4905D1E38A03B00492966 /* libz.1.1.3.tbd */,
				3EA4905B1E38A02B00492966 /* libsqlite3.tbd */,
				3EA490591E38A01D00492966 /* CoreData.framework */,
				3EA490571E38A01400492966 /* GLKit.framework */,
				3EA490551E38A00C00492966 /* AVFoundation.framework */,
				3EA490531E38A00300492966 /* CoreTelephony.framework */,
			);
			name = Others;
			sourceTree = "<group>";
		};
/* End PBXGroup section */

/* Begin PBXNativeTarget section */
		3EA48FA11E38998C00492966 /* MesiboSample */ = {
			isa = PBXNativeTarget;
			buildConfigurationList = 3EA48FCF1E38998D00492966 /* Build configuration list for PBXNativeTarget "MesiboSample" */;
			buildPhases = (
				3EA48F9E1E38998C00492966 /* Sources */,
				3EA48F9F1E38998C00492966 /* Frameworks */,
				3EA48FA01E38998C00492966 /* Resources */,
			);
			buildRules = (
			);
			dependencies = (
			);
			name = MesiboSample;
			productName = MesiboSample;
			productReference = 3EA48FA21E38998C00492966 /* MesiboSample.app */;
			productType = "com.apple.product-type.application";
		};
/* End PBXNativeTarget section */

/* Begin PBXProject section */
		3EA48F9A1E38998C00492966 /* Project object */ = {
			isa = PBXProject;
			attributes = {
				LastUpgradeCheck = 0920;
				ORGANIZATIONNAME = Mesibo;
				TargetAttributes = {
					3EA48FA11E38998C00492966 = {
						CreatedOnToolsVersion = 8.0;
						DevelopmentTeam = HXKDD24ZQ6;
						ProvisioningStyle = Automatic;
						SystemCapabilities = {
							com.apple.BackgroundModes = {
								enabled = 1;
							};
							com.apple.Push = {
								enabled = 1;
							};
						};
					};
				};
			};
			buildConfigurationList = 3EA48F9D1E38998C00492966 /* Build configuration list for PBXProject "MesiboSample" */;
			compatibilityVersion = "Xcode 3.2";
			developmentRegion = English;
			hasScannedForEncodings = 0;
			knownRegions = (
				English,
				en,
				Base,
			);
			mainGroup = 3EA48F991E38998C00492966;
			productRefGroup = 3EA48FA31E38998C00492966 /* Products */;
			projectDirPath = "";
			projectRoot = "";
			targets = (
				3EA48FA11E38998C00492966 /* MesiboSample */,
			);
		};
/* End PBXProject section */

/* Begin PBXResourcesBuildPhase section */
		3EA48FA01E38998C00492966 /* Resources */ = {
			isa = PBXResourcesBuildPhase;
			buildActionMask = 2147483647;
			files = (
				887B4C161E4604DF000C4556 /* MesiboUIResource.bundle in Resources */,
				3EA48FB51E38998C00492966 /* LaunchScreen.storyboard in Resources */,
				88292DAA1E891A3C0008A4F7 /* GooglePlacePicker.bundle in Resources */,
				889963561E93BB7600FE21EB /* appicon.png in Resources */,
				3EA490091E389AA700492966 /* Assets.xcassets in Resources */,
				3EA48FB01E38998C00492966 /* Main.storyboard in Resources */,
				88AD36791E433ECE00A0241E /* GooglePlaces.bundle in Resources */,
				88A8D00620468648008F712E /* MesiboCallBundle.bundle in Resources */,
				88AD36751E433E0600A0241E /* GoogleMaps.bundle in Resources */,
				889963711E93CC6100FE21EB /* ImagePickerBundle.bundle in Resources */,
			);
			runOnlyForDeploymentPostprocessing = 0;
		};
/* End PBXResourcesBuildPhase section */

/* Begin PBXSourcesBuildPhase section */
		3EA48F9E1E38998C00492966 /* Sources */ = {
			isa = PBXSourcesBuildPhase;
			buildActionMask = 2147483647;
			files = (
				3EA490021E389AA700492966 /* SampleAppFileTransferHandler.m in Sources */,
				3EA4900A1E389AA700492966 /* UIManager.m in Sources */,
				3EA490041E389AA700492966 /* SampleAppWebApi.m in Sources */,
				3EA48FAA1E38998C00492966 /* AppDelegate.m in Sources */,
				3EA490011E389AA700492966 /* UiUtils.m in Sources */,
				3EA48FA71E38998C00492966 /* main.m in Sources */,
				88292D9B1E88D1B90008A4F7 /* SampleAppListeners.m in Sources */,
				88A8CFCB2042D2FE008F712E /* MainViewController.m in Sources */,
				88292D9A1E88D1B90008A4F7 /* NSDictionary+NilObject.m in Sources */,
			);
			runOnlyForDeploymentPostprocessing = 0;
		};
/* End PBXSourcesBuildPhase section */

/* Begin PBXVariantGroup section */
		3EA48FAE1E38998C00492966 /* Main.storyboard */ = {
			isa = PBXVariantGroup;
			children = (
				3EA48FAF1E38998C00492966 /* Base */,
			);
			name = Main.storyboard;
			sourceTree = "<group>";
		};
		3EA48FB31E38998C00492966 /* LaunchScreen.storyboard */ = {
			isa = PBXVariantGroup;
			children = (
				3EA48FB41E38998C00492966 /* Base */,
			);
			name = LaunchScreen.storyboard;
			sourceTree = "<group>";
		};
/* End PBXVariantGroup section */

/* Begin XCBuildConfiguration section */
		3EA48FCD1E38998D00492966 /* Debug */ = {
			isa = XCBuildConfiguration;
			buildSettings = {
				ALWAYS_SEARCH_USER_PATHS = NO;
				CLANG_ANALYZER_NONNULL = YES;
				CLANG_CXX_LANGUAGE_STANDARD = "gnu++0x";
				CLANG_CXX_LIBRARY = "libc++";
				CLANG_ENABLE_MODULES = YES;
				CLANG_ENABLE_OBJC_ARC = YES;
				CLANG_WARN_BLOCK_CAPTURE_AUTORELEASING = YES;
				CLANG_WARN_BOOL_CONVERSION = YES;
				CLANG_WARN_COMMA = YES;
				CLANG_WARN_CONSTANT_CONVERSION = YES;
				CLANG_WARN_DIRECT_OBJC_ISA_USAGE = YES_ERROR;
				CLANG_WARN_DOCUMENTATION_COMMENTS = YES;
				CLANG_WARN_EMPTY_BODY = YES;
				CLANG_WARN_ENUM_CONVERSION = YES;
				CLANG_WARN_INFINITE_RECURSION = YES;
				CLANG_WARN_INT_CONVERSION = YES;
				CLANG_WARN_NON_LITERAL_NULL_CONVERSION = YES;
				CLANG_WARN_OBJC_LITERAL_CONVERSION = YES;
				CLANG_WARN_OBJC_ROOT_CLASS = YES_ERROR;
				CLANG_WARN_RANGE_LOOP_ANALYSIS = YES;
				CLANG_WARN_STRICT_PROTOTYPES = YES;
				CLANG_WARN_SUSPICIOUS_MOVE = YES;
				CLANG_WARN_SUSPICIOUS_MOVES = YES;
				CLANG_WARN_UNREACHABLE_CODE = YES;
				CLANG_WARN__DUPLICATE_METHOD_MATCH = YES;
				"CODE_SIGN_IDENTITY[sdk=iphoneos*]" = "iPhone Developer";
				COPY_PHASE_STRIP = NO;
				DEBUG_INFORMATION_FORMAT = dwarf;
				ENABLE_STRICT_OBJC_MSGSEND = YES;
				ENABLE_TESTABILITY = YES;
				GCC_C_LANGUAGE_STANDARD = gnu99;
				GCC_DYNAMIC_NO_PIC = NO;
				GCC_NO_COMMON_BLOCKS = YES;
				GCC_OPTIMIZATION_LEVEL = 0;
				GCC_PREPROCESSOR_DEFINITIONS = (
					"DEBUG=1",
					"$(inherited)",
				);
				GCC_WARN_64_TO_32_BIT_CONVERSION = YES;
				GCC_WARN_ABOUT_RETURN_TYPE = YES_ERROR;
				GCC_WARN_UNDECLARED_SELECTOR = YES;
				GCC_WARN_UNINITIALIZED_AUTOS = YES_AGGRESSIVE;
				GCC_WARN_UNUSED_FUNCTION = YES;
				GCC_WARN_UNUSED_VARIABLE = YES;
				IPHONEOS_DEPLOYMENT_TARGET = 10.0;
				MTL_ENABLE_DEBUG_INFO = YES;
				ONLY_ACTIVE_ARCH = YES;
				OTHER_LDFLAGS = (
					"-v",
					"-ObjC",
				);
				SDKROOT = iphoneos;
			};
			name = Debug;
		};
		3EA48FCE1E38998D00492966 /* Release */ = {
			isa = XCBuildConfiguration;
			buildSettings = {
				ALWAYS_SEARCH_USER_PATHS = NO;
				CLANG_ANALYZER_NONNULL = YES;
				CLANG_CXX_LANGUAGE_STANDARD = "gnu++0x";
				CLANG_CXX_LIBRARY = "libc++";
				CLANG_ENABLE_MODULES = YES;
				CLANG_ENABLE_OBJC_ARC = YES;
				CLANG_WARN_BLOCK_CAPTURE_AUTORELEASING = YES;
				CLANG_WARN_BOOL_CONVERSION = YES;
				CLANG_WARN_COMMA = YES;
				CLANG_WARN_CONSTANT_CONVERSION = YES;
				CLANG_WARN_DIRECT_OBJC_ISA_USAGE = YES_ERROR;
				CLANG_WARN_DOCUMENTATION_COMMENTS = YES;
				CLANG_WARN_EMPTY_BODY = YES;
				CLANG_WARN_ENUM_CONVERSION = YES;
				CLANG_WARN_INFINITE_RECURSION = YES;
				CLANG_WARN_INT_CONVERSION = YES;
				CLANG_WARN_NON_LITERAL_NULL_CONVERSION = YES;
				CLANG_WARN_OBJC_LITERAL_CONVERSION = YES;
				CLANG_WARN_OBJC_ROOT_CLASS = YES_ERROR;
				CLANG_WARN_RANGE_LOOP_ANALYSIS = YES;
				CLANG_WARN_STRICT_PROTOTYPES = YES;
				CLANG_WARN_SUSPICIOUS_MOVE = YES;
				CLANG_WARN_SUSPICIOUS_MOVES = YES;
				CLANG_WARN_UNREACHABLE_CODE = YES;
				CLANG_WARN__DUPLICATE_METHOD_MATCH = YES;
				"CODE_SIGN_IDENTITY[sdk=iphoneos*]" = "iPhone Developer";
				COPY_PHASE_STRIP = NO;
				DEBUG_INFORMATION_FORMAT = "dwarf-with-dsym";
				ENABLE_NS_ASSERTIONS = NO;
				ENABLE_STRICT_OBJC_MSGSEND = YES;
				GCC_C_LANGUAGE_STANDARD = gnu99;
				GCC_NO_COMMON_BLOCKS = YES;
				GCC_WARN_64_TO_32_BIT_CONVERSION = YES;
				GCC_WARN_ABOUT_RETURN_TYPE = YES_ERROR;
				GCC_WARN_UNDECLARED_SELECTOR = YES;
				GCC_WARN_UNINITIALIZED_AUTOS = YES_AGGRESSIVE;
				GCC_WARN_UNUSED_FUNCTION = YES;
				GCC_WARN_UNUSED_VARIABLE = YES;
				IPHONEOS_DEPLOYMENT_TARGET = 10.0;
				MTL_ENABLE_DEBUG_INFO = NO;
				OTHER_LDFLAGS = (
					"-v",
					"-ObjC",
				);
				SDKROOT = iphoneos;
				VALIDATE_PRODUCT = YES;
			};
			name = Release;
		};
		3EA48FD01E38998D00492966 /* Debug */ = {
			isa = XCBuildConfiguration;
			buildSettings = {
				ASSETCATALOG_COMPILER_APPICON_NAME = AppIcon;
				CODE_SIGN_ENTITLEMENTS = MesiboSample/MesiboSample.entitlements;
				DEVELOPMENT_TEAM = HXKDD24ZQ6;
				ENABLE_BITCODE = NO;
				FRAMEWORK_SEARCH_PATHS = (
					"$(inherited)",
					"$(PROJECT_DIR)/Frameworks/MesiboCore",
					"$(PROJECT_DIR)/Frameworks/Google",
					"$(PROJECT_DIR)/Frameworks/Facebook",
					"$(PROJECT_DIR)/Frameworks/MediaPicker",
					"$(PROJECT_DIR)",
				);
				INFOPLIST_FILE = MesiboSample/Info.plist;
				IPHONEOS_DEPLOYMENT_TARGET = 10.3;
				LD_RUNPATH_SEARCH_PATHS = "$(inherited) @executable_path/Frameworks";
				LIBRARY_SEARCH_PATHS = (
					"$(inherited)",
					"$(PROJECT_DIR)/Frameworks/MesiboUI",
					"$(PROJECT_DIR)/Frameworks/MediaPicker",
					"$(PROJECT_DIR)/Frameworks/MesiboUIHelper",
					"$(PROJECT_DIR)",
					"$(PROJECT_DIR)/mesibo_mbedtls.framework/Versions/A",
				);
				PRODUCT_BUNDLE_IDENTIFIER = com.mesibo.firstsample;
				PRODUCT_NAME = "$(TARGET_NAME)";
			};
			name = Debug;
		};
		3EA48FD11E38998D00492966 /* Release */ = {
			isa = XCBuildConfiguration;
			buildSettings = {
				ASSETCATALOG_COMPILER_APPICON_NAME = AppIcon;
				CODE_SIGN_ENTITLEMENTS = MesiboSample/MesiboSample.entitlements;
				DEVELOPMENT_TEAM = HXKDD24ZQ6;
				ENABLE_BITCODE = NO;
				FRAMEWORK_SEARCH_PATHS = (
					"$(inherited)",
					"$(PROJECT_DIR)/Frameworks/MesiboCore",
					"$(PROJECT_DIR)/Frameworks/Google",
					"$(PROJECT_DIR)/Frameworks/Facebook",
					"$(PROJECT_DIR)/Frameworks/MediaPicker",
					"$(PROJECT_DIR)",
				);
				INFOPLIST_FILE = MesiboSample/Info.plist;
				IPHONEOS_DEPLOYMENT_TARGET = 10.3;
				LD_RUNPATH_SEARCH_PATHS = "$(inherited) @executable_path/Frameworks";
				LIBRARY_SEARCH_PATHS = (
					"$(inherited)",
					"$(PROJECT_DIR)/Frameworks/MesiboUI",
					"$(PROJECT_DIR)/Frameworks/MediaPicker",
					"$(PROJECT_DIR)/Frameworks/MesiboUIHelper",
					"$(PROJECT_DIR)",
					"$(PROJECT_DIR)/mesibo_mbedtls.framework/Versions/A",
				);
				PRODUCT_BUNDLE_IDENTIFIER = com.mesibo.firstsample;
				PRODUCT_NAME = "$(TARGET_NAME)";
			};
			name = Release;
		};
/* End XCBuildConfiguration section */

/* Begin XCConfigurationList section */
		3EA48F9D1E38998C00492966 /* Build configuration list for PBXProject "MesiboSample" */ = {
			isa = XCConfigurationList;
			buildConfigurations = (
				3EA48FCD1E38998D00492966 /* Debug */,
				3EA48FCE1E38998D00492966 /* Release */,
			);
			defaultConfigurationIsVisible = 0;
			defaultConfigurationName = Release;
		};
		3EA48FCF1E38998D00492966 /* Build configuration list for PBXNativeTarget "MesiboSample" */ = {
			isa = XCConfigurationList;
			buildConfigurations = (
				3EA48FD01E38998D00492966 /* Debug */,
				3EA48FD11E38998D00492966 /* Release */,
			);
			defaultConfigurationIsVisible = 0;
			defaultConfigurationName = Release;
		};
/* End XCConfigurationList section */
	};
	rootObject = 3EA48F9A1E38998C00492966 /* Project object */;
}
