PODS:
  - mesibo (1.5.2)
  - mesibo-calls (1.5.2):
    - mesibo
    - mesibo-webrtc (= 1.4.0)
  - mesibo-mediapicker (1.5.0)
  - mesibo-ui (1.5.2):
    - mesibo
    - mesibo-mediapicker
  - mesibo-webrtc (1.4.0):
    - mesibo

DEPENDENCIES:
  - mesibo
  - mesibo-calls
  - mesibo-ui

SPEC REPOS:
  https://github.com/CocoaPods/Specs.git:
    - mesibo
    - mesibo-calls
    - mesibo-mediapicker
    - mesibo-ui
    - mesibo-webrtc

SPEC CHECKSUMS:
  mesibo: 943cf1d9153db5b019769a3eb255570ca6fb4c3c
  mesibo-calls: a021f057b6a56e6afaefa2d44de5a87028954f3d
  mesibo-mediapicker: bc809ef6393a591b7bd96d7d11c8041716acbc9b
  mesibo-ui: 7be0e470018dd51f09107a609f4f61f73e6cfb25
  mesibo-webrtc: bff3012986dd1fb02680a620b56eb3920c9d5bde

PODFILE CHECKSUM: ba50d3b376fa4f5b2b6c3ebc3fde5911f4b08324

COCOAPODS: 1.10.0
