PODS:
  - Flutter (1.0.0)
  - integration_test (0.0.1):
    - Flutter
  - mesibo (1.9.31)
  - mesibo-calls (1.9.31):
    - mesibo (= 1.9.31)
    - mesibo-webrtc (= 1.4.0)
  - mesibo-mediapicker (1.9.31)
  - mesibo-ui (1.9.31):
    - mesibo (= 1.9.31)
    - mesibo-mediapicker
  - mesibo-webrtc (1.4.0):
    - mesibo

DEPENDENCIES:
  - Flutter (from `Flutter`)
  - integration_test (from `.symlinks/plugins/integration_test/ios`)
  - mesibo
  - mesibo-calls
  - mesibo-ui

SPEC REPOS:
  trunk:
    - mesibo
    - mesibo-calls
    - mesibo-mediapicker
    - mesibo-ui
    - mesibo-webrtc

EXTERNAL SOURCES:
  Flutter:
    :path: Flutter
  integration_test:
    :path: ".symlinks/plugins/integration_test/ios"

SPEC CHECKSUMS:
  Flutter: 50d75fe2f02b26cc09d224853bb45737f8b3214a
  integration_test: a1e7d09bd98eca2fc37aefd79d4f41ad37bdbbe5
  mesibo: 551df50aabe94864380d72669e41d820ff4b486c
  mesibo-calls: cfc17228b7c61869078d7f738ee80e0223216705
  mesibo-mediapicker: 4ecf1099848c7fada5e1b6443b9478653f17a55f
  mesibo-ui: 00a9a08da63fc69a08dd0bbaa1f63a5f02216030
  mesibo-webrtc: bff3012986dd1fb02680a620b56eb3920c9d5bde

PODFILE CHECKSUM: 24dd11f034eec2e1fa223b1a54360582aa2fe287

COCOAPODS: 1.11.3
